{"1.1.0",
[{<<"fifo_utils">>,{pkg,<<"fifo_utils">>,<<"0.1.48">>},0},
 {<<"goldrush">>,{pkg,<<"goldrush">>,<<"0.1.9">>},2},
 {<<"jsone">>,{pkg,<<"jsone">>,<<"1.4.5">>},1},
 {<<"jsx">>,{pkg,<<"jsx">>,<<"2.8.2">>},0},
 {<<"lager">>,{pkg,<<"lager">>,<<"3.5.1">>},1},
 {<<"quickrand">>,{pkg,<<"quickrand">>,<<"1.7.1">>},1},
 {<<"uuid">>,{pkg,<<"uuid_erl">>,<<"1.7.1">>},1}]}.
[
{pkg_hash,[
 {<<"fifo_utils">>, <<"140BC3EE5D8687DF8CD5C1C16F1CB739EE34826F546B874CF874BF671F498A00">>},
 {<<"goldrush">>, <<"F06E5D5F1277DA5C413E84D5A2924174182FB108DABB39D5EC548B27424CD106">>},
 {<<"jsone">>, <<"547AEFEC1C67FE3283F77BAC4DAF85F3F593002764F768FAAA423875A51A2320">>},
 {<<"jsx">>, <<"7ACC7D785B5ABE8A6E9ADBDE926A24E481F29956DD8B4DF49E3E4E7BCC92A018">>},
 {<<"lager">>, <<"63897A61AF646C59BB928FEE9756CE8BDD02D5A1A2F3551D4A5E38386C2CC071">>},
 {<<"quickrand">>, <<"B0C2A41D08C955F055C44BED357660DE443CD9068A33ABA530076910B7333659">>},
 {<<"uuid">>, <<"252D12D1154BC75C40BC03E2E67714BD843DDFAD40FD3BC1541F65F622C9E7FC">>}]}
].
