[{<<"fifo_utils">>,{pkg,<<"fifo_utils">>,<<"0.1.22">>},0},
 {<<"goldrush">>,{pkg,<<"goldrush">>,<<"0.1.7">>},2},
 {<<"jsx">>,{pkg,<<"jsx">>,<<"2.8.0">>},0},
 {<<"lager">>,{pkg,<<"lager">>,<<"2.1.1">>},1},
 {<<"quickrand">>,{pkg,<<"quickrand">>,<<"1.5.1">>},2},
 {<<"uuid">>,{pkg,<<"uuid_erl">>,<<"1.5.1">>},1}].
